
Microsoft Visual Studio Solution File, Format Version 12.00
# Visual Studio Version 16
VisualStudioVersion = 16.0.31129.286
MinimumVisualStudioVersion = 10.0.40219.1
Project("{FAE04EC0-301F-11D3-BF4B-00C04F79EFBC}") = "JSExercise", "JSExercise\JSExercise.csproj", "{203CCEE7-96E6-46D2-B41F-93994F2283FA}"
EndProject
Global
	GlobalSection(SolutionConfigurationPlatforms) = preSolution
		Debug|Any CPU = Debug|Any CPU
		Release|Any CPU = Release|Any CPU
	EndGlobalSection
	GlobalSection(ProjectConfigurationPlatforms) = postSolution
		{203CCEE7-96E6-46D2-B41F-93994F2283FA}.Debug|Any CPU.ActiveCfg = Debug|Any CPU
		{203CCEE7-96E6-46D2-B41F-93994F2283FA}.Debug|Any CPU.Build.0 = Debug|Any CPU
		{203CCEE7-96E6-46D2-B41F-93994F2283FA}.Release|Any CPU.ActiveCfg = Release|Any CPU
		{203CCEE7-96E6-46D2-B41F-93994F2283FA}.Release|Any CPU.Build.0 = Release|Any CPU
	EndGlobalSection
	GlobalSection(SolutionProperties) = preSolution
		HideSolutionNode = FALSE
	EndGlobalSection
	GlobalSection(ExtensibilityGlobals) = postSolution
		SolutionGuid = {6B3C1E68-0625-4096-8A85-08CAB5DC3BF3}
	EndGlobalSection
EndGlobal
