
Microsoft Visual Studio Solution File, Format Version 12.00
# Visual Studio Version 16
VisualStudioVersion = 16.0.31129.286
MinimumVisualStudioVersion = 10.0.40219.1
Project("{9A19103F-16F7-4668-BE54-9A1E7A4F7556}") = "Exercise1", "Exercise1\Exercise1.csproj", "{B6C45BD7-EED1-4D31-B262-9A6D60F7FA16}"
EndProject
Project("{9A19103F-16F7-4668-BE54-9A1E7A4F7556}") = "Exercise2", "Exercise2\Exercise2.csproj", "{B2F4211C-3DCA-42EF-A0E3-7F7FADE6A859}"
EndProject
Project("{9A19103F-16F7-4668-BE54-9A1E7A4F7556}") = "Exercise3", "Exercise3\Exercise3.csproj", "{EC457640-6C4B-438E-A439-AAD88E670C0A}"
EndProject
Project("{9A19103F-16F7-4668-BE54-9A1E7A4F7556}") = "Exercise4", "Exercise4\Exercise4.csproj", "{6A1BAAFF-29AE-4FD7-9A32-81A3A84B3F9C}"
EndProject
Project("{FAE04EC0-301F-11D3-BF4B-00C04F79EFBC}") = "Exercise5", "Exercise5\Exercise5.csproj", "{F3E32EDA-B6C4-4519-8007-2D964AECAC1F}"
EndProject
Global
	GlobalSection(SolutionConfigurationPlatforms) = preSolution
		Debug|Any CPU = Debug|Any CPU
		Release|Any CPU = Release|Any CPU
	EndGlobalSection
	GlobalSection(ProjectConfigurationPlatforms) = postSolution
		{B6C45BD7-EED1-4D31-B262-9A6D60F7FA16}.Debug|Any CPU.ActiveCfg = Debug|Any CPU
		{B6C45BD7-EED1-4D31-B262-9A6D60F7FA16}.Debug|Any CPU.Build.0 = Debug|Any CPU
		{B6C45BD7-EED1-4D31-B262-9A6D60F7FA16}.Release|Any CPU.ActiveCfg = Release|Any CPU
		{B6C45BD7-EED1-4D31-B262-9A6D60F7FA16}.Release|Any CPU.Build.0 = Release|Any CPU
		{B2F4211C-3DCA-42EF-A0E3-7F7FADE6A859}.Debug|Any CPU.ActiveCfg = Debug|Any CPU
		{B2F4211C-3DCA-42EF-A0E3-7F7FADE6A859}.Debug|Any CPU.Build.0 = Debug|Any CPU
		{B2F4211C-3DCA-42EF-A0E3-7F7FADE6A859}.Release|Any CPU.ActiveCfg = Release|Any CPU
		{B2F4211C-3DCA-42EF-A0E3-7F7FADE6A859}.Release|Any CPU.Build.0 = Release|Any CPU
		{EC457640-6C4B-438E-A439-AAD88E670C0A}.Debug|Any CPU.ActiveCfg = Debug|Any CPU
		{EC457640-6C4B-438E-A439-AAD88E670C0A}.Debug|Any CPU.Build.0 = Debug|Any CPU
		{EC457640-6C4B-438E-A439-AAD88E670C0A}.Release|Any CPU.ActiveCfg = Release|Any CPU
		{EC457640-6C4B-438E-A439-AAD88E670C0A}.Release|Any CPU.Build.0 = Release|Any CPU
		{6A1BAAFF-29AE-4FD7-9A32-81A3A84B3F9C}.Debug|Any CPU.ActiveCfg = Debug|Any CPU
		{6A1BAAFF-29AE-4FD7-9A32-81A3A84B3F9C}.Debug|Any CPU.Build.0 = Debug|Any CPU
		{6A1BAAFF-29AE-4FD7-9A32-81A3A84B3F9C}.Release|Any CPU.ActiveCfg = Release|Any CPU
		{6A1BAAFF-29AE-4FD7-9A32-81A3A84B3F9C}.Release|Any CPU.Build.0 = Release|Any CPU
		{F3E32EDA-B6C4-4519-8007-2D964AECAC1F}.Debug|Any CPU.ActiveCfg = Debug|Any CPU
		{F3E32EDA-B6C4-4519-8007-2D964AECAC1F}.Debug|Any CPU.Build.0 = Debug|Any CPU
		{F3E32EDA-B6C4-4519-8007-2D964AECAC1F}.Release|Any CPU.ActiveCfg = Release|Any CPU
		{F3E32EDA-B6C4-4519-8007-2D964AECAC1F}.Release|Any CPU.Build.0 = Release|Any CPU
	EndGlobalSection
	GlobalSection(SolutionProperties) = preSolution
		HideSolutionNode = FALSE
	EndGlobalSection
	GlobalSection(ExtensibilityGlobals) = postSolution
		SolutionGuid = {4287F890-CBE6-449F-86E0-312163DAE78F}
	EndGlobalSection
EndGlobal
