
Microsoft Visual Studio Solution File, Format Version 12.00
# Visual Studio Version 16
VisualStudioVersion = 16.0.31129.286
MinimumVisualStudioVersion = 10.0.40219.1
Project("{FAE04EC0-301F-11D3-BF4B-00C04F79EFBC}") = "Exercise1", "Exercise1\Exercise1.csproj", "{76A8E412-047E-4115-A385-A85448AED1EE}"
EndProject
Project("{FAE04EC0-301F-11D3-BF4B-00C04F79EFBC}") = "Exercise2", "Exercise2\Exercise2.csproj", "{5857FF10-FCDF-42C2-A4B8-7FE7A7C942AA}"
EndProject
Project("{FAE04EC0-301F-11D3-BF4B-00C04F79EFBC}") = "Exercise3", "Exercise3\Exercise3.csproj", "{EAA673BB-EEC6-4C59-B045-AFA1FF3989EF}"
EndProject
Project("{FAE04EC0-301F-11D3-BF4B-00C04F79EFBC}") = "Exercise4", "Exercise4\Exercise4.csproj", "{58D966DE-2243-463C-A0D3-41530993BB99}"
EndProject
Project("{FAE04EC0-301F-11D3-BF4B-00C04F79EFBC}") = "Exercise5", "Exercise5\Exercise5.csproj", "{E652DDF7-4BBB-4E08-B961-1682C3FB99BC}"
EndProject
Global
	GlobalSection(SolutionConfigurationPlatforms) = preSolution
		Debug|Any CPU = Debug|Any CPU
		Release|Any CPU = Release|Any CPU
	EndGlobalSection
	GlobalSection(ProjectConfigurationPlatforms) = postSolution
		{76A8E412-047E-4115-A385-A85448AED1EE}.Debug|Any CPU.ActiveCfg = Debug|Any CPU
		{76A8E412-047E-4115-A385-A85448AED1EE}.Debug|Any CPU.Build.0 = Debug|Any CPU
		{76A8E412-047E-4115-A385-A85448AED1EE}.Release|Any CPU.ActiveCfg = Release|Any CPU
		{76A8E412-047E-4115-A385-A85448AED1EE}.Release|Any CPU.Build.0 = Release|Any CPU
		{5857FF10-FCDF-42C2-A4B8-7FE7A7C942AA}.Debug|Any CPU.ActiveCfg = Debug|Any CPU
		{5857FF10-FCDF-42C2-A4B8-7FE7A7C942AA}.Debug|Any CPU.Build.0 = Debug|Any CPU
		{5857FF10-FCDF-42C2-A4B8-7FE7A7C942AA}.Release|Any CPU.ActiveCfg = Release|Any CPU
		{5857FF10-FCDF-42C2-A4B8-7FE7A7C942AA}.Release|Any CPU.Build.0 = Release|Any CPU
		{EAA673BB-EEC6-4C59-B045-AFA1FF3989EF}.Debug|Any CPU.ActiveCfg = Debug|Any CPU
		{EAA673BB-EEC6-4C59-B045-AFA1FF3989EF}.Debug|Any CPU.Build.0 = Debug|Any CPU
		{EAA673BB-EEC6-4C59-B045-AFA1FF3989EF}.Release|Any CPU.ActiveCfg = Release|Any CPU
		{EAA673BB-EEC6-4C59-B045-AFA1FF3989EF}.Release|Any CPU.Build.0 = Release|Any CPU
		{58D966DE-2243-463C-A0D3-41530993BB99}.Debug|Any CPU.ActiveCfg = Debug|Any CPU
		{58D966DE-2243-463C-A0D3-41530993BB99}.Debug|Any CPU.Build.0 = Debug|Any CPU
		{58D966DE-2243-463C-A0D3-41530993BB99}.Release|Any CPU.ActiveCfg = Release|Any CPU
		{58D966DE-2243-463C-A0D3-41530993BB99}.Release|Any CPU.Build.0 = Release|Any CPU
		{E652DDF7-4BBB-4E08-B961-1682C3FB99BC}.Debug|Any CPU.ActiveCfg = Debug|Any CPU
		{E652DDF7-4BBB-4E08-B961-1682C3FB99BC}.Debug|Any CPU.Build.0 = Debug|Any CPU
		{E652DDF7-4BBB-4E08-B961-1682C3FB99BC}.Release|Any CPU.ActiveCfg = Release|Any CPU
		{E652DDF7-4BBB-4E08-B961-1682C3FB99BC}.Release|Any CPU.Build.0 = Release|Any CPU
	EndGlobalSection
	GlobalSection(SolutionProperties) = preSolution
		HideSolutionNode = FALSE
	EndGlobalSection
	GlobalSection(ExtensibilityGlobals) = postSolution
		SolutionGuid = {37ADEE09-D067-4907-9B4D-F42C233B67ED}
	EndGlobalSection
EndGlobal
